
Microsoft Visual Studio Solution File, Format Version 12.00
# Visual Studio Version 17
VisualStudioVersion = 17.0.31903.59
MinimumVisualStudioVersion = 10.0.40219.1
Project("{2150E333-8FDC-42A3-9474-1A3956D46DE8}") = "src", "src", "{827E0CD3-B72D-47B6-A68D-7590B98EB39B}"
EndProject
Project("{FAE04EC0-301F-11D3-BF4B-00C04F79EFBC}") = "HRApi.Web", "src\HRApi.Web\HRApi.Web.csproj", "{D14959FC-4449-479C-980D-B10B83E7876B}"
EndProject
Project("{FAE04EC0-301F-11D3-BF4B-00C04F79EFBC}") = "HRApi.Domain", "src\HRApi.Domain\HRApi.Domain.csproj", "{5D5BAE21-1557-4591-8980-50914E65446E}"
EndProject
Project("{FAE04EC0-301F-11D3-BF4B-00C04F79EFBC}") = "HRApi.Application", "src\HRApi.Application\HRApi.Application.csproj", "{D1344D35-7F76-4E90-B31C-1DEC2BA7AC31}"
EndProject
Project("{FAE04EC0-301F-11D3-BF4B-00C04F79EFBC}") = "HRApi.Infrastructure", "src\HRApi.Infrastructure\HRApi.Infrastructure.csproj", "{2536F61C-B510-4795-9766-81539B9341E9}"
EndProject
Project("{FAE04EC0-301F-11D3-BF4B-00C04F79EFBC}") = "HRApi.Shared", "src\HRApi.Shared\HRApi.Shared.csproj", "{DAE6919E-0631-40DB-8289-BBB51F6B7B6E}"
EndProject
Global
	GlobalSection(SolutionConfigurationPlatforms) = preSolution
		Debug|Any CPU = Debug|Any CPU
		Debug|x64 = Debug|x64
		Debug|x86 = Debug|x86
		Release|Any CPU = Release|Any CPU
		Release|x64 = Release|x64
		Release|x86 = Release|x86
	EndGlobalSection
	GlobalSection(ProjectConfigurationPlatforms) = postSolution
		{D14959FC-4449-479C-980D-B10B83E7876B}.Debug|Any CPU.ActiveCfg = Debug|Any CPU
		{D14959FC-4449-479C-980D-B10B83E7876B}.Debug|Any CPU.Build.0 = Debug|Any CPU
		{D14959FC-4449-479C-980D-B10B83E7876B}.Debug|x64.ActiveCfg = Debug|Any CPU
		{D14959FC-4449-479C-980D-B10B83E7876B}.Debug|x64.Build.0 = Debug|Any CPU
		{D14959FC-4449-479C-980D-B10B83E7876B}.Debug|x86.ActiveCfg = Debug|Any CPU
		{D14959FC-4449-479C-980D-B10B83E7876B}.Debug|x86.Build.0 = Debug|Any CPU
		{D14959FC-4449-479C-980D-B10B83E7876B}.Release|Any CPU.ActiveCfg = Release|Any CPU
		{D14959FC-4449-479C-980D-B10B83E7876B}.Release|Any CPU.Build.0 = Release|Any CPU
		{D14959FC-4449-479C-980D-B10B83E7876B}.Release|x64.ActiveCfg = Release|Any CPU
		{D14959FC-4449-479C-980D-B10B83E7876B}.Release|x64.Build.0 = Release|Any CPU
		{D14959FC-4449-479C-980D-B10B83E7876B}.Release|x86.ActiveCfg = Release|Any CPU
		{D14959FC-4449-479C-980D-B10B83E7876B}.Release|x86.Build.0 = Release|Any CPU
		{5D5BAE21-1557-4591-8980-50914E65446E}.Debug|Any CPU.ActiveCfg = Debug|Any CPU
		{5D5BAE21-1557-4591-8980-50914E65446E}.Debug|Any CPU.Build.0 = Debug|Any CPU
		{5D5BAE21-1557-4591-8980-50914E65446E}.Debug|x64.ActiveCfg = Debug|Any CPU
		{5D5BAE21-1557-4591-8980-50914E65446E}.Debug|x64.Build.0 = Debug|Any CPU
		{5D5BAE21-1557-4591-8980-50914E65446E}.Debug|x86.ActiveCfg = Debug|Any CPU
		{5D5BAE21-1557-4591-8980-50914E65446E}.Debug|x86.Build.0 = Debug|Any CPU
		{5D5BAE21-1557-4591-8980-50914E65446E}.Release|Any CPU.ActiveCfg = Release|Any CPU
		{5D5BAE21-1557-4591-8980-50914E65446E}.Release|Any CPU.Build.0 = Release|Any CPU
		{5D5BAE21-1557-4591-8980-50914E65446E}.Release|x64.ActiveCfg = Release|Any CPU
		{5D5BAE21-1557-4591-8980-50914E65446E}.Release|x64.Build.0 = Release|Any CPU
		{5D5BAE21-1557-4591-8980-50914E65446E}.Release|x86.ActiveCfg = Release|Any CPU
		{5D5BAE21-1557-4591-8980-50914E65446E}.Release|x86.Build.0 = Release|Any CPU
		{D1344D35-7F76-4E90-B31C-1DEC2BA7AC31}.Debug|Any CPU.ActiveCfg = Debug|Any CPU
		{D1344D35-7F76-4E90-B31C-1DEC2BA7AC31}.Debug|Any CPU.Build.0 = Debug|Any CPU
		{D1344D35-7F76-4E90-B31C-1DEC2BA7AC31}.Debug|x64.ActiveCfg = Debug|Any CPU
		{D1344D35-7F76-4E90-B31C-1DEC2BA7AC31}.Debug|x64.Build.0 = Debug|Any CPU
		{D1344D35-7F76-4E90-B31C-1DEC2BA7AC31}.Debug|x86.ActiveCfg = Debug|Any CPU
		{D1344D35-7F76-4E90-B31C-1DEC2BA7AC31}.Debug|x86.Build.0 = Debug|Any CPU
		{D1344D35-7F76-4E90-B31C-1DEC2BA7AC31}.Release|Any CPU.ActiveCfg = Release|Any CPU
		{D1344D35-7F76-4E90-B31C-1DEC2BA7AC31}.Release|Any CPU.Build.0 = Release|Any CPU
		{D1344D35-7F76-4E90-B31C-1DEC2BA7AC31}.Release|x64.ActiveCfg = Release|Any CPU
		{D1344D35-7F76-4E90-B31C-1DEC2BA7AC31}.Release|x64.Build.0 = Release|Any CPU
		{D1344D35-7F76-4E90-B31C-1DEC2BA7AC31}.Release|x86.ActiveCfg = Release|Any CPU
		{D1344D35-7F76-4E90-B31C-1DEC2BA7AC31}.Release|x86.Build.0 = Release|Any CPU
		{2536F61C-B510-4795-9766-81539B9341E9}.Debug|Any CPU.ActiveCfg = Debug|Any CPU
		{2536F61C-B510-4795-9766-81539B9341E9}.Debug|Any CPU.Build.0 = Debug|Any CPU
		{2536F61C-B510-4795-9766-81539B9341E9}.Debug|x64.ActiveCfg = Debug|Any CPU
		{2536F61C-B510-4795-9766-81539B9341E9}.Debug|x64.Build.0 = Debug|Any CPU
		{2536F61C-B510-4795-9766-81539B9341E9}.Debug|x86.ActiveCfg = Debug|Any CPU
		{2536F61C-B510-4795-9766-81539B9341E9}.Debug|x86.Build.0 = Debug|Any CPU
		{2536F61C-B510-4795-9766-81539B9341E9}.Release|Any CPU.ActiveCfg = Release|Any CPU
		{2536F61C-B510-4795-9766-81539B9341E9}.Release|Any CPU.Build.0 = Release|Any CPU
		{2536F61C-B510-4795-9766-81539B9341E9}.Release|x64.ActiveCfg = Release|Any CPU
		{2536F61C-B510-4795-9766-81539B9341E9}.Release|x64.Build.0 = Release|Any CPU
		{2536F61C-B510-4795-9766-81539B9341E9}.Release|x86.ActiveCfg = Release|Any CPU
		{2536F61C-B510-4795-9766-81539B9341E9}.Release|x86.Build.0 = Release|Any CPU
		{DAE6919E-0631-40DB-8289-BBB51F6B7B6E}.Debug|Any CPU.ActiveCfg = Debug|Any CPU
		{DAE6919E-0631-40DB-8289-BBB51F6B7B6E}.Debug|Any CPU.Build.0 = Debug|Any CPU
		{DAE6919E-0631-40DB-8289-BBB51F6B7B6E}.Debug|x64.ActiveCfg = Debug|Any CPU
		{DAE6919E-0631-40DB-8289-BBB51F6B7B6E}.Debug|x64.Build.0 = Debug|Any CPU
		{DAE6919E-0631-40DB-8289-BBB51F6B7B6E}.Debug|x86.ActiveCfg = Debug|Any CPU
		{DAE6919E-0631-40DB-8289-BBB51F6B7B6E}.Debug|x86.Build.0 = Debug|Any CPU
		{DAE6919E-0631-40DB-8289-BBB51F6B7B6E}.Release|Any CPU.ActiveCfg = Release|Any CPU
		{DAE6919E-0631-40DB-8289-BBB51F6B7B6E}.Release|Any CPU.Build.0 = Release|Any CPU
		{DAE6919E-0631-40DB-8289-BBB51F6B7B6E}.Release|x64.ActiveCfg = Release|Any CPU
		{DAE6919E-0631-40DB-8289-BBB51F6B7B6E}.Release|x64.Build.0 = Release|Any CPU
		{DAE6919E-0631-40DB-8289-BBB51F6B7B6E}.Release|x86.ActiveCfg = Release|Any CPU
		{DAE6919E-0631-40DB-8289-BBB51F6B7B6E}.Release|x86.Build.0 = Release|Any CPU
	EndGlobalSection
	GlobalSection(SolutionProperties) = preSolution
		HideSolutionNode = FALSE
	EndGlobalSection
	GlobalSection(NestedProjects) = preSolution
		{D14959FC-4449-479C-980D-B10B83E7876B} = {827E0CD3-B72D-47B6-A68D-7590B98EB39B}
		{5D5BAE21-1557-4591-8980-50914E65446E} = {827E0CD3-B72D-47B6-A68D-7590B98EB39B}
		{D1344D35-7F76-4E90-B31C-1DEC2BA7AC31} = {827E0CD3-B72D-47B6-A68D-7590B98EB39B}
		{2536F61C-B510-4795-9766-81539B9341E9} = {827E0CD3-B72D-47B6-A68D-7590B98EB39B}
		{DAE6919E-0631-40DB-8289-BBB51F6B7B6E} = {827E0CD3-B72D-47B6-A68D-7590B98EB39B}
	EndGlobalSection
EndGlobal
